
Microsoft Visual Studio Solution File, Format Version 12.00
# Visual Studio Version 17
VisualStudioVersion = 17.0.31903.59
MinimumVisualStudioVersion = 10.0.40219.1
Project("{FAE04EC0-301F-11D3-BF4B-00C04F79EFBC}") = "Azure-204.Exercises", "Azure-204.Exercises\Azure-204.Exercises.csproj", "{DCADC437-4010-4702-83E2-6FCA88D7FE7D}"
EndProject
Project("{2150E333-8FDC-42A3-9474-1A3956D46DE8}") = "Infrastructure", "Infrastructure", "{02EA681E-C7D8-13C7-8484-4AC65E1B71E8}"
EndProject
Project("{2150E333-8FDC-42A3-9474-1A3956D46DE8}") = "Q46_ArmStorageLoop", "Q46_ArmStorageLoop", "{CB0FEB76-A4D7-4FD8-A9C8-52A58F216903}"
	ProjectSection(SolutionItems) = preProject
		deploy-storage.json = deploy-storage.json
		deploy.azcli = deploy.azcli
	EndProjectSection
EndProject
Project("{2150E333-8FDC-42A3-9474-1A3956D46DE8}") = "Q47_BlobRescue", "Q47_BlobRescue", "{C72FBF79-E19F-4EAF-B8DB-F52044E66E63}"
	ProjectSection(SolutionItems) = preProject
		rescue-blobc.azcli = rescue-blobc.azcli
	EndProjectSection
EndProject
Global
	GlobalSection(SolutionConfigurationPlatforms) = preSolution
		Debug|Any CPU = Debug|Any CPU
		Debug|x64 = Debug|x64
		Debug|x86 = Debug|x86
		Release|Any CPU = Release|Any CPU
		Release|x64 = Release|x64
		Release|x86 = Release|x86
	EndGlobalSection
	GlobalSection(ProjectConfigurationPlatforms) = postSolution
		{DCADC437-4010-4702-83E2-6FCA88D7FE7D}.Debug|Any CPU.ActiveCfg = Debug|Any CPU
		{DCADC437-4010-4702-83E2-6FCA88D7FE7D}.Debug|Any CPU.Build.0 = Debug|Any CPU
		{DCADC437-4010-4702-83E2-6FCA88D7FE7D}.Debug|x64.ActiveCfg = Debug|Any CPU
		{DCADC437-4010-4702-83E2-6FCA88D7FE7D}.Debug|x64.Build.0 = Debug|Any CPU
		{DCADC437-4010-4702-83E2-6FCA88D7FE7D}.Debug|x86.ActiveCfg = Debug|Any CPU
		{DCADC437-4010-4702-83E2-6FCA88D7FE7D}.Debug|x86.Build.0 = Debug|Any CPU
		{DCADC437-4010-4702-83E2-6FCA88D7FE7D}.Release|Any CPU.ActiveCfg = Release|Any CPU
		{DCADC437-4010-4702-83E2-6FCA88D7FE7D}.Release|Any CPU.Build.0 = Release|Any CPU
		{DCADC437-4010-4702-83E2-6FCA88D7FE7D}.Release|x64.ActiveCfg = Release|Any CPU
		{DCADC437-4010-4702-83E2-6FCA88D7FE7D}.Release|x64.Build.0 = Release|Any CPU
		{DCADC437-4010-4702-83E2-6FCA88D7FE7D}.Release|x86.ActiveCfg = Release|Any CPU
		{DCADC437-4010-4702-83E2-6FCA88D7FE7D}.Release|x86.Build.0 = Release|Any CPU
	EndGlobalSection
	GlobalSection(SolutionProperties) = preSolution
		HideSolutionNode = FALSE
	EndGlobalSection
	GlobalSection(NestedProjects) = preSolution
		{CB0FEB76-A4D7-4FD8-A9C8-52A58F216903} = {02EA681E-C7D8-13C7-8484-4AC65E1B71E8}
		{C72FBF79-E19F-4EAF-B8DB-F52044E66E63} = {02EA681E-C7D8-13C7-8484-4AC65E1B71E8}
	EndGlobalSection
	GlobalSection(ExtensibilityGlobals) = postSolution
		SolutionGuid = {C69F90DA-29E9-4C43-AB55-EB9E0A85DC6C}
	EndGlobalSection
EndGlobal
